
Microsoft Visual Studio Solution File, Format Version 12.00
# Visual Studio Version 17
VisualStudioVersion = 17.1.32228.430
MinimumVisualStudioVersion = 10.0.40219.1
Project("{9A19103F-16F7-4668-BE54-9A1E7A4F7556}") = "Tests", "Tests\Tests.csproj", "{D62F2A7C-CD39-4772-B9CC-7E804705D5FD}"
EndProject
Project("{9A19103F-16F7-4668-BE54-9A1E7A4F7556}") = "Allors.E2E", "E2E\Allors.E2E.csproj", "{BD713510-ADB7-44FE-9DCA-74A66B3EC736}"
EndProject
Project("{2150E333-8FDC-42A3-9474-1A3956D46DE8}") = "Allors", "Allors", "{344A7182-25A7-4C08-A560-C61C749FAB53}"
EndProject
Project("{9A19103F-16F7-4668-BE54-9A1E7A4F7556}") = "allors.database.adapters.sql.sqlclient", "..\..\..\dotnet\system\database\adapters\allors.database.adapters.sql.sqlclient\allors.database.adapters.sql.sqlclient.csproj", "{57895726-4498-4E28-823F-F95C3A131DDC}"
EndProject
Project("{9A19103F-16F7-4668-BE54-9A1E7A4F7556}") = "Configuration", "..\..\..\dotnet\Apps\Database\configuration\Configuration.csproj", "{610BB189-C832-48B9-9D9C-2E1E7A4B9FBC}"
EndProject
Project("{9A19103F-16F7-4668-BE54-9A1E7A4F7556}") = "Domain", "..\..\..\dotnet\Apps\Database\Domain\Domain.csproj", "{C861B3F6-0FEA-469C-8066-3BF2D1B43306}"
EndProject
Project("{9A19103F-16F7-4668-BE54-9A1E7A4F7556}") = "meta", "..\..\..\dotnet\Apps\Database\meta\meta.csproj", "{7B3B5CCE-8BC4-4DC5-8741-29FE477567F1}"
EndProject
Project("{9A19103F-16F7-4668-BE54-9A1E7A4F7556}") = "testpopulation", "..\..\..\dotnet\Apps\Database\testpopulation\testpopulation.csproj", "{B054D63E-DEA2-4443-9C68-E0E6EB75E7CD}"
EndProject
Project("{9A19103F-16F7-4668-BE54-9A1E7A4F7556}") = "resources", "..\..\..\dotnet\Apps\Database\resources\resources.csproj", "{FE0FD650-D059-4F9D-88BB-224086A0735E}"
EndProject
Global
	GlobalSection(SolutionConfigurationPlatforms) = preSolution
		Debug|Any CPU = Debug|Any CPU
		Release|Any CPU = Release|Any CPU
	EndGlobalSection
	GlobalSection(ProjectConfigurationPlatforms) = postSolution
		{D62F2A7C-CD39-4772-B9CC-7E804705D5FD}.Debug|Any CPU.ActiveCfg = Debug|Any CPU
		{D62F2A7C-CD39-4772-B9CC-7E804705D5FD}.Debug|Any CPU.Build.0 = Debug|Any CPU
		{D62F2A7C-CD39-4772-B9CC-7E804705D5FD}.Release|Any CPU.ActiveCfg = Release|Any CPU
		{D62F2A7C-CD39-4772-B9CC-7E804705D5FD}.Release|Any CPU.Build.0 = Release|Any CPU
		{BD713510-ADB7-44FE-9DCA-74A66B3EC736}.Debug|Any CPU.ActiveCfg = Debug|Any CPU
		{BD713510-ADB7-44FE-9DCA-74A66B3EC736}.Debug|Any CPU.Build.0 = Debug|Any CPU
		{BD713510-ADB7-44FE-9DCA-74A66B3EC736}.Release|Any CPU.ActiveCfg = Release|Any CPU
		{BD713510-ADB7-44FE-9DCA-74A66B3EC736}.Release|Any CPU.Build.0 = Release|Any CPU
		{57895726-4498-4E28-823F-F95C3A131DDC}.Debug|Any CPU.ActiveCfg = Debug|Any CPU
		{57895726-4498-4E28-823F-F95C3A131DDC}.Debug|Any CPU.Build.0 = Debug|Any CPU
		{57895726-4498-4E28-823F-F95C3A131DDC}.Release|Any CPU.ActiveCfg = Release|Any CPU
		{57895726-4498-4E28-823F-F95C3A131DDC}.Release|Any CPU.Build.0 = Release|Any CPU
		{610BB189-C832-48B9-9D9C-2E1E7A4B9FBC}.Debug|Any CPU.ActiveCfg = Debug|Any CPU
		{610BB189-C832-48B9-9D9C-2E1E7A4B9FBC}.Debug|Any CPU.Build.0 = Debug|Any CPU
		{610BB189-C832-48B9-9D9C-2E1E7A4B9FBC}.Release|Any CPU.ActiveCfg = Release|Any CPU
		{610BB189-C832-48B9-9D9C-2E1E7A4B9FBC}.Release|Any CPU.Build.0 = Release|Any CPU
		{C861B3F6-0FEA-469C-8066-3BF2D1B43306}.Debug|Any CPU.ActiveCfg = Debug|Any CPU
		{C861B3F6-0FEA-469C-8066-3BF2D1B43306}.Debug|Any CPU.Build.0 = Debug|Any CPU
		{C861B3F6-0FEA-469C-8066-3BF2D1B43306}.Release|Any CPU.ActiveCfg = Release|Any CPU
		{C861B3F6-0FEA-469C-8066-3BF2D1B43306}.Release|Any CPU.Build.0 = Release|Any CPU
		{7B3B5CCE-8BC4-4DC5-8741-29FE477567F1}.Debug|Any CPU.ActiveCfg = Debug|Any CPU
		{7B3B5CCE-8BC4-4DC5-8741-29FE477567F1}.Debug|Any CPU.Build.0 = Debug|Any CPU
		{7B3B5CCE-8BC4-4DC5-8741-29FE477567F1}.Release|Any CPU.ActiveCfg = Release|Any CPU
		{7B3B5CCE-8BC4-4DC5-8741-29FE477567F1}.Release|Any CPU.Build.0 = Release|Any CPU
		{B054D63E-DEA2-4443-9C68-E0E6EB75E7CD}.Debug|Any CPU.ActiveCfg = Debug|Any CPU
		{B054D63E-DEA2-4443-9C68-E0E6EB75E7CD}.Debug|Any CPU.Build.0 = Debug|Any CPU
		{B054D63E-DEA2-4443-9C68-E0E6EB75E7CD}.Release|Any CPU.ActiveCfg = Release|Any CPU
		{B054D63E-DEA2-4443-9C68-E0E6EB75E7CD}.Release|Any CPU.Build.0 = Release|Any CPU
		{FE0FD650-D059-4F9D-88BB-224086A0735E}.Debug|Any CPU.ActiveCfg = Debug|Any CPU
		{FE0FD650-D059-4F9D-88BB-224086A0735E}.Debug|Any CPU.Build.0 = Debug|Any CPU
		{FE0FD650-D059-4F9D-88BB-224086A0735E}.Release|Any CPU.ActiveCfg = Release|Any CPU
		{FE0FD650-D059-4F9D-88BB-224086A0735E}.Release|Any CPU.Build.0 = Release|Any CPU
	EndGlobalSection
	GlobalSection(SolutionProperties) = preSolution
		HideSolutionNode = FALSE
	EndGlobalSection
	GlobalSection(NestedProjects) = preSolution
		{57895726-4498-4E28-823F-F95C3A131DDC} = {344A7182-25A7-4C08-A560-C61C749FAB53}
		{610BB189-C832-48B9-9D9C-2E1E7A4B9FBC} = {344A7182-25A7-4C08-A560-C61C749FAB53}
		{C861B3F6-0FEA-469C-8066-3BF2D1B43306} = {344A7182-25A7-4C08-A560-C61C749FAB53}
		{7B3B5CCE-8BC4-4DC5-8741-29FE477567F1} = {344A7182-25A7-4C08-A560-C61C749FAB53}
		{B054D63E-DEA2-4443-9C68-E0E6EB75E7CD} = {344A7182-25A7-4C08-A560-C61C749FAB53}
		{FE0FD650-D059-4F9D-88BB-224086A0735E} = {344A7182-25A7-4C08-A560-C61C749FAB53}
	EndGlobalSection
	GlobalSection(ExtensibilityGlobals) = postSolution
		SolutionGuid = {B7AF9D0D-8211-4545-AA01-AD7C906EFF09}
	EndGlobalSection
EndGlobal
