
Microsoft Visual Studio Solution File, Format Version 12.00
# Visual Studio Version 16
VisualStudioVersion = 16.0.28922.388
MinimumVisualStudioVersion = 10.0.40219.1
Project("{2150E333-8FDC-42A3-9474-1A3956D46DE8}") = "System", "System", "{D494C3BD-C224-4F0B-9F80-E557C5004D34}"
EndProject
Project("{2150E333-8FDC-42A3-9474-1A3956D46DE8}") = "Apps", "Apps", "{3248ECB3-BF45-40F2-9286-C4E526312CFB}"
EndProject
Project("{2150E333-8FDC-42A3-9474-1A3956D46DE8}") = "Core", "Core", "{E69B1E1F-8643-47FD-A195-69CD912E3550}"
EndProject
Project("{2150E333-8FDC-42A3-9474-1A3956D46DE8}") = "Repository", "Repository", "{3FE56C6E-7BA5-43FE-8F63-EDCCE0E9320B}"
EndProject
Project("{9A19103F-16F7-4668-BE54-9A1E7A4F7556}") = "Allors.Repository", "System\Repository\Allors.Repository\Allors.Repository.csproj", "{1ABE8E67-974F-4F03-A342-FFF0326A5B33}"
EndProject
Project("{9A19103F-16F7-4668-BE54-9A1E7A4F7556}") = "Attributes", "System\Repository\Domain\Attributes.csproj", "{3D0C461F-487A-416A-9363-CC7F2DB61742}"
EndProject
Project("{9A19103F-16F7-4668-BE54-9A1E7A4F7556}") = "Generate", "System\Repository\Generate\Generate.csproj", "{426E293B-83D5-4D88-9CBF-E8A7F8C598B3}"
EndProject
Project("{2150E333-8FDC-42A3-9474-1A3956D46DE8}") = "Database", "Database", "{583954BC-1E23-4E62-B539-131CF3FBC96E}"
EndProject
Project("{9A19103F-16F7-4668-BE54-9A1E7A4F7556}") = "Generate", "Core\Database\Generate\Generate.csproj", "{BAFA46B3-EADB-4A05-AF24-0D47062B90B6}"
EndProject
Project("{9A19103F-16F7-4668-BE54-9A1E7A4F7556}") = "Commands", "Core\Database\Commands\Commands.csproj", "{7C0EC881-13F5-4E3D-A662-3055FBA8CE06}"
EndProject
Project("{9A19103F-16F7-4668-BE54-9A1E7A4F7556}") = "Domain", "Core\Database\Domain\Domain.csproj", "{FF7427D3-439C-4617-B17B-26A0EE625471}"
EndProject
Project("{9A19103F-16F7-4668-BE54-9A1E7A4F7556}") = "Domain.Tests", "Core\Database\Domain.Tests\Domain.Tests.csproj", "{02ECB869-4721-4019-817B-74CF3D3C6482}"
EndProject
Project("{9A19103F-16F7-4668-BE54-9A1E7A4F7556}") = "Merge", "Core\Database\Merge\Merge.csproj", "{6581CE59-6105-4672-ABD0-55E653672571}"
EndProject
Project("{9A19103F-16F7-4668-BE54-9A1E7A4F7556}") = "Meta", "Core\Database\Meta\Meta.csproj", "{8C3C2A18-BB66-4CFD-9468-FC34BE7B790B}"
EndProject
Project("{9A19103F-16F7-4668-BE54-9A1E7A4F7556}") = "Resources", "Core\Database\Resources\Resources.csproj", "{15CCBE65-02A9-4D34-812A-A3C8DE54F6D7}"
EndProject
Project("{9A19103F-16F7-4668-BE54-9A1E7A4F7556}") = "Server", "Core\Database\Server\Server.csproj", "{C8D4E18C-9EE0-4F18-A37B-E18B2834357D}"
EndProject
Project("{9A19103F-16F7-4668-BE54-9A1E7A4F7556}") = "Server.Tests", "Core\Database\Server.Tests\Server.Tests.csproj", "{5D0E75D8-BDCC-4ACC-90D4-AA867DB4246D}"
EndProject
Project("{2150E333-8FDC-42A3-9474-1A3956D46DE8}") = "Repository", "Repository", "{794822B4-6156-4038-AAEE-D20C67D58A7A}"
EndProject
Project("{9A19103F-16F7-4668-BE54-9A1E7A4F7556}") = "Repository", "Core\Repository\Domain\Repository.csproj", "{583634CE-2977-4238-AA90-164E9BDD4198}"
EndProject
Project("{2150E333-8FDC-42A3-9474-1A3956D46DE8}") = "Workspace", "Workspace", "{38DA0455-9724-498A-83EF-B4285EB00AD1}"
EndProject
Project("{2150E333-8FDC-42A3-9474-1A3956D46DE8}") = "CSharp", "CSharp", "{50A1B7BA-85A8-4AD0-B90C-829A756CC0E5}"
EndProject
Project("{9A19103F-16F7-4668-BE54-9A1E7A4F7556}") = "Workspace.Domain", "Core\Workspace\CSharp\Domain\Workspace.Domain.csproj", "{94474285-CAFB-4A71-AED2-D6A80564F543}"
EndProject
Project("{9A19103F-16F7-4668-BE54-9A1E7A4F7556}") = "Workspace.Meta", "Core\Workspace\CSharp\Meta\Workspace.Meta.csproj", "{EC4AF4C3-EC56-491A-A5B3-2D54938D32B1}"
EndProject
Project("{2150E333-8FDC-42A3-9474-1A3956D46DE8}") = "Database", "Database", "{3E9C6582-CCF0-4A7C-B501-9F1308F04A7B}"
EndProject
Project("{2150E333-8FDC-42A3-9474-1A3956D46DE8}") = "Repository", "Repository", "{894A3D33-CFB7-4A72-9E1F-C08CE0F76340}"
EndProject
Project("{2150E333-8FDC-42A3-9474-1A3956D46DE8}") = "Database", "Database", "{9C68988B-09AE-4C63-A5AB-4EE71649283D}"
EndProject
Project("{9A19103F-16F7-4668-BE54-9A1E7A4F7556}") = "Allors.Database", "System\Database\Allors.Database\Allors.Database.csproj", "{E3A3553B-2050-499A-8E33-DB6C93C579E4}"
EndProject
Project("{2150E333-8FDC-42A3-9474-1A3956D46DE8}") = "Adapters", "Adapters", "{6F829382-0804-4D82-8679-C69B14230287}"
EndProject
Project("{9A19103F-16F7-4668-BE54-9A1E7A4F7556}") = "Allors.Database.Adapters.Memory", "System\Database\Adapters\Allors.Database.Adapters.Memory\Allors.Database.Adapters.Memory.csproj", "{2E51588E-5B68-4567-89BC-D5BF23477533}"
EndProject
Project("{9A19103F-16F7-4668-BE54-9A1E7A4F7556}") = "Allors.Database.Adapters.Npgsql", "System\Database\Adapters\Allors.Database.Adapters.Npgsql\Allors.Database.Adapters.Npgsql.csproj", "{3EE40273-63C4-4256-B696-095AE3CCEF02}"
EndProject
Project("{9A19103F-16F7-4668-BE54-9A1E7A4F7556}") = "Allors.Database.Adapters.SqlClient", "System\Database\Adapters\Allors.Database.Adapters.SqlClient\Allors.Database.Adapters.SqlClient.csproj", "{C3522D53-6374-4AED-9A98-B22EA151CBF4}"
EndProject
Project("{9A19103F-16F7-4668-BE54-9A1E7A4F7556}") = "Domain", "System\Database\Adapters\Domain\Domain.csproj", "{FBD5B903-8399-4B35-8817-9C0B38934A42}"
EndProject
Project("{9A19103F-16F7-4668-BE54-9A1E7A4F7556}") = "Generate", "System\Database\Adapters\Generate\Generate.csproj", "{A721433D-B667-4623-A451-51360D6EC048}"
EndProject
Project("{9A19103F-16F7-4668-BE54-9A1E7A4F7556}") = "Meta", "System\Database\Adapters\Meta\Meta.csproj", "{BBC3A24E-4F61-4631-8D9E-D915970691A1}"
EndProject
Project("{9A19103F-16F7-4668-BE54-9A1E7A4F7556}") = "Tests.Dynamic", "System\Database\Adapters\Tests.Dynamic\Tests.Dynamic.csproj", "{149AF93E-214A-4D26-B389-99B75CDC4DE2}"
EndProject
Project("{9A19103F-16F7-4668-BE54-9A1E7A4F7556}") = "Tests.Static", "System\Database\Adapters\Tests.Static\Tests.Static.csproj", "{55604D78-2DEB-4678-9AA4-BDCB902E9B80}"
EndProject
Project("{9A19103F-16F7-4668-BE54-9A1E7A4F7556}") = "Allors.Database.Adapters", "System\Database\Adapters\Allors.Database.Adapters\Allors.Database.Adapters.csproj", "{9E50BB4A-A211-4300-8EC6-B7921F5B3C3C}"
EndProject
Project("{9A19103F-16F7-4668-BE54-9A1E7A4F7556}") = "Repository", "System\Database\Adapters\Repository\Domain\Repository.csproj", "{0498A7AD-313C-45DC-A425-DAF74B5F5294}"
EndProject
Project("{9A19103F-16F7-4668-BE54-9A1E7A4F7556}") = "Allors.Meta", "System\Database\Allors.Meta\Allors.Meta.csproj", "{AF0439DD-6AA7-4322-AD56-09279AF1CEC1}"
EndProject
Project("{9A19103F-16F7-4668-BE54-9A1E7A4F7556}") = "Api", "Core\Database\Api\Api.csproj", "{396DA79A-2E97-4BF2-BC7A-033780347892}"
EndProject
Project("{9A19103F-16F7-4668-BE54-9A1E7A4F7556}") = "Api.Tests", "Core\Database\Api.Tests\Api.Tests.csproj", "{6B77D8ED-8392-4A8D-9747-296BE54100B2}"
EndProject
Project("{9A19103F-16F7-4668-BE54-9A1E7A4F7556}") = "Workspace.Tests", "Core\Workspace\CSharp\Tests\Workspace.Tests.csproj", "{3ECAFBC7-7F14-46ED-A7B7-203E03F8FC0D}"
EndProject
Project("{9A19103F-16F7-4668-BE54-9A1E7A4F7556}") = "Repository", "Apps\Repository\Domain\Repository.csproj", "{F04DFBD4-17FC-4663-A73B-29061DC74763}"
EndProject
Project("{9A19103F-16F7-4668-BE54-9A1E7A4F7556}") = "Api", "Apps\Database\Api\Api.csproj", "{40332ECA-93ED-4315-9D58-E8F11C5051A9}"
EndProject
Project("{9A19103F-16F7-4668-BE54-9A1E7A4F7556}") = "Commands", "Apps\Database\Commands\Commands.csproj", "{1891C160-5A41-421F-B12C-8B285760700D}"
EndProject
Project("{9A19103F-16F7-4668-BE54-9A1E7A4F7556}") = "Commands.Tests", "Apps\Database\Commands.Tests\Commands.Tests.csproj", "{86C7EDB6-515A-4973-B696-837EBDC1B356}"
EndProject
Project("{9A19103F-16F7-4668-BE54-9A1E7A4F7556}") = "Domain", "Apps\Database\Domain\Domain.csproj", "{A539F678-90DB-4F40-A887-612913459E5D}"
EndProject
Project("{9A19103F-16F7-4668-BE54-9A1E7A4F7556}") = "Domain.Tests", "Apps\Database\Domain.Tests\Domain.Tests.csproj", "{F8E4C0B1-EE91-4EC7-A6A2-28B6E850624B}"
EndProject
Project("{9A19103F-16F7-4668-BE54-9A1E7A4F7556}") = "Generate", "Apps\Database\Generate\Generate.csproj", "{CA25CF4C-59DC-46D3-84F6-96103A3F8A26}"
EndProject
Project("{9A19103F-16F7-4668-BE54-9A1E7A4F7556}") = "Meta", "Apps\Database\Meta\Meta.csproj", "{63190596-5AE1-4D59-9167-7CD822B6264A}"
EndProject
Project("{9A19103F-16F7-4668-BE54-9A1E7A4F7556}") = "Resources", "Apps\Database\Resources\Resources.csproj", "{04B21910-059F-4EFD-8627-8000FA803EE0}"
EndProject
Project("{9A19103F-16F7-4668-BE54-9A1E7A4F7556}") = "Server", "Apps\Database\Server\Server.csproj", "{4DBAB113-E8B7-4CEE-8D01-040600BC7E18}"
EndProject
Project("{9A19103F-16F7-4668-BE54-9A1E7A4F7556}") = "TestPopulation", "Apps\Database\TestPopulation\TestPopulation.csproj", "{07512AC4-AE1E-410F-B511-444984CB5AAD}"
EndProject
Project("{2150E333-8FDC-42A3-9474-1A3956D46DE8}") = "Base", "Base", "{A9CD030C-AAAF-4FDA-8C89-800752926480}"
EndProject
Project("{2150E333-8FDC-42A3-9474-1A3956D46DE8}") = "Adapters", "Adapters", "{1C62BCEE-DC47-4093-8359-22F448216C7F}"
EndProject
Project("{9A19103F-16F7-4668-BE54-9A1E7A4F7556}") = "Allors.Workspace.Adapters.Remote", "Core\Workspace\CSharp\Adapters\Allors.Workspace.Adapters.Remote\Allors.Workspace.Adapters.Remote.csproj", "{8E26EE32-0919-4FAD-88E7-747CBD047C62}"
EndProject
Project("{9A19103F-16F7-4668-BE54-9A1E7A4F7556}") = "Allors.Workspace", "Core\Workspace\CSharp\Allors.Workspace\Allors.Workspace.csproj", "{01E90A84-077E-4D23-AD82-20B96D440154}"
EndProject
Project("{2150E333-8FDC-42A3-9474-1A3956D46DE8}") = "Database", "Database", "{BF224751-0EE7-4C58-ABB9-4072587F1C01}"
EndProject
Project("{2150E333-8FDC-42A3-9474-1A3956D46DE8}") = "Repository", "Repository", "{59FDA499-E9D8-476E-B5D5-00AFF392EB5E}"
EndProject
Project("{9A19103F-16F7-4668-BE54-9A1E7A4F7556}") = "Api", "Base\Database\Api\Api.csproj", "{916F5C65-86F1-4752-8D02-FE4F927FB81F}"
EndProject
Project("{9A19103F-16F7-4668-BE54-9A1E7A4F7556}") = "Commands", "Base\Database\Commands\Commands.csproj", "{6DC3B68C-2F6A-4C4D-9779-E17A84E26E9C}"
EndProject
Project("{9A19103F-16F7-4668-BE54-9A1E7A4F7556}") = "Domain", "Base\Database\Domain\Domain.csproj", "{A592E4C5-B635-4061-B9A3-69A01F596B8A}"
EndProject
Project("{9A19103F-16F7-4668-BE54-9A1E7A4F7556}") = "Domain.Tests", "Base\Database\Domain.Tests\Domain.Tests.csproj", "{DC2587D6-DFB8-4558-AB14-1F893BE857B5}"
EndProject
Project("{9A19103F-16F7-4668-BE54-9A1E7A4F7556}") = "Generate", "Base\Database\Generate\Generate.csproj", "{1C1A0D13-FEAF-485E-B766-8F6A38838B7B}"
EndProject
Project("{9A19103F-16F7-4668-BE54-9A1E7A4F7556}") = "Meta", "Base\Database\Meta\Meta.csproj", "{3553BC0F-193E-49AF-827B-E500EE35E2FF}"
EndProject
Project("{9A19103F-16F7-4668-BE54-9A1E7A4F7556}") = "Resources", "Base\Database\Resources\Resources.csproj", "{8B5FAEE6-25E4-40CE-B3E9-50E3CE624464}"
EndProject
Project("{9A19103F-16F7-4668-BE54-9A1E7A4F7556}") = "Server", "Base\Database\Server\Server.csproj", "{809B9741-5D22-4D7E-98DA-FF82A430DBE5}"
EndProject
Project("{9A19103F-16F7-4668-BE54-9A1E7A4F7556}") = "Repository", "Base\Repository\Domain\Repository.csproj", "{31D8A69E-FAA8-4AD5-8A1B-9F453E4F153B}"
EndProject
Project("{2150E333-8FDC-42A3-9474-1A3956D46DE8}") = "Workspace", "Workspace", "{F3F8D54B-E896-4081-8F6B-EDD896CB51D0}"
EndProject
Project("{2150E333-8FDC-42A3-9474-1A3956D46DE8}") = "CSharp", "CSharp", "{C7219A25-8825-457E-AF0C-28972F59C010}"
EndProject
Project("{9A19103F-16F7-4668-BE54-9A1E7A4F7556}") = "Workspace.Domain", "Base\Workspace\CSharp\Domain\Workspace.Domain.csproj", "{660741E6-C32F-45DD-AD4F-8B51489EB6AC}"
EndProject
Project("{9A19103F-16F7-4668-BE54-9A1E7A4F7556}") = "Workspace.Meta", "Base\Workspace\CSharp\Meta\Workspace.Meta.csproj", "{040EC06E-8A97-4DDC-937C-D3E663E25F5C}"
EndProject
Project("{9A19103F-16F7-4668-BE54-9A1E7A4F7556}") = "Workspace.Tests", "Base\Workspace\CSharp\Tests\Workspace.Tests.csproj", "{AC450B15-68BC-4FCC-A910-AF6EE51CE2DF}"
EndProject
Project("{9A19103F-16F7-4668-BE54-9A1E7A4F7556}") = "Configuration", "Core\Database\Configuration\Configuration.csproj", "{393556A3-4BC4-4EA4-BEC5-1CA367560F9A}"
EndProject
Project("{9A19103F-16F7-4668-BE54-9A1E7A4F7556}") = "Configuration", "Base\Database\Configuration\Configuration.csproj", "{8BAA0F97-9EB8-4F63-90D3-C612B28DF1B8}"
EndProject
Project("{9A19103F-16F7-4668-BE54-9A1E7A4F7556}") = "Configuration", "Apps\Database\Configuration\Configuration.csproj", "{1C01DD6C-77D7-4152-B39D-586307D84779}"
EndProject
Project("{9A19103F-16F7-4668-BE54-9A1E7A4F7556}") = "Configuration.Faker", "Apps\Database\Configuration.Faker\Configuration.Faker.csproj", "{0D7051D6-1EBD-4002-BE20-F35FB2BC785F}"
EndProject
Project("{9A19103F-16F7-4668-BE54-9A1E7A4F7556}") = "Allors.Workspace.Adapters.Local", "Core\Workspace\CSharp\Adapters\Allors.Workspace.Adapters.Local\Allors.Workspace.Adapters.Local.csproj", "{DA9E01B3-7E2E-452D-B051-DCE7714ACB9E}"
EndProject
Project("{9A19103F-16F7-4668-BE54-9A1E7A4F7556}") = "Workspace.Tests.Remote", "Core\Workspace\CSharp\Adapters\Tests.Remote\Workspace.Tests.Remote.csproj", "{5C9459C4-A8EE-4D3B-8A71-B691A1719217}"
EndProject
Project("{2150E333-8FDC-42A3-9474-1A3956D46DE8}") = "Protocol", "Protocol", "{19370530-8B87-4113-B44D-347DFAB24608}"
EndProject
Project("{9A19103F-16F7-4668-BE54-9A1E7A4F7556}") = "Allors.Protocol", "Core\Protocol\Allors.Protocol\Allors.Protocol.csproj", "{964B6D2F-23F8-49FC-93EF-9A5418C07538}"
EndProject
Project("{9A19103F-16F7-4668-BE54-9A1E7A4F7556}") = "Allors.Protocol.Json", "Core\Protocol\Allors.Protocol.Json\Allors.Protocol.Json.csproj", "{EA8D7B6E-E7EE-476B-A4A9-636AE9EE002F}"
EndProject
Project("{9A19103F-16F7-4668-BE54-9A1E7A4F7556}") = "Allors", "System\Allors\Allors.csproj", "{4ACC3BAC-8B54-4430-8E26-45DEC12D996C}"
EndProject
Global
	GlobalSection(SolutionConfigurationPlatforms) = preSolution
		Debug|Any CPU = Debug|Any CPU
		Release|Any CPU = Release|Any CPU
	EndGlobalSection
	GlobalSection(ProjectConfigurationPlatforms) = postSolution
		{1ABE8E67-974F-4F03-A342-FFF0326A5B33}.Debug|Any CPU.ActiveCfg = Debug|Any CPU
		{1ABE8E67-974F-4F03-A342-FFF0326A5B33}.Debug|Any CPU.Build.0 = Debug|Any CPU
		{1ABE8E67-974F-4F03-A342-FFF0326A5B33}.Release|Any CPU.ActiveCfg = Release|Any CPU
		{1ABE8E67-974F-4F03-A342-FFF0326A5B33}.Release|Any CPU.Build.0 = Release|Any CPU
		{3D0C461F-487A-416A-9363-CC7F2DB61742}.Debug|Any CPU.ActiveCfg = Debug|Any CPU
		{3D0C461F-487A-416A-9363-CC7F2DB61742}.Debug|Any CPU.Build.0 = Debug|Any CPU
		{3D0C461F-487A-416A-9363-CC7F2DB61742}.Release|Any CPU.ActiveCfg = Release|Any CPU
		{3D0C461F-487A-416A-9363-CC7F2DB61742}.Release|Any CPU.Build.0 = Release|Any CPU
		{426E293B-83D5-4D88-9CBF-E8A7F8C598B3}.Debug|Any CPU.ActiveCfg = Debug|Any CPU
		{426E293B-83D5-4D88-9CBF-E8A7F8C598B3}.Debug|Any CPU.Build.0 = Debug|Any CPU
		{426E293B-83D5-4D88-9CBF-E8A7F8C598B3}.Release|Any CPU.ActiveCfg = Release|Any CPU
		{426E293B-83D5-4D88-9CBF-E8A7F8C598B3}.Release|Any CPU.Build.0 = Release|Any CPU
		{BAFA46B3-EADB-4A05-AF24-0D47062B90B6}.Debug|Any CPU.ActiveCfg = Debug|Any CPU
		{BAFA46B3-EADB-4A05-AF24-0D47062B90B6}.Debug|Any CPU.Build.0 = Debug|Any CPU
		{BAFA46B3-EADB-4A05-AF24-0D47062B90B6}.Release|Any CPU.ActiveCfg = Release|Any CPU
		{BAFA46B3-EADB-4A05-AF24-0D47062B90B6}.Release|Any CPU.Build.0 = Release|Any CPU
		{7C0EC881-13F5-4E3D-A662-3055FBA8CE06}.Debug|Any CPU.ActiveCfg = Debug|Any CPU
		{7C0EC881-13F5-4E3D-A662-3055FBA8CE06}.Debug|Any CPU.Build.0 = Debug|Any CPU
		{7C0EC881-13F5-4E3D-A662-3055FBA8CE06}.Release|Any CPU.ActiveCfg = Release|Any CPU
		{7C0EC881-13F5-4E3D-A662-3055FBA8CE06}.Release|Any CPU.Build.0 = Release|Any CPU
		{FF7427D3-439C-4617-B17B-26A0EE625471}.Debug|Any CPU.ActiveCfg = Debug|Any CPU
		{FF7427D3-439C-4617-B17B-26A0EE625471}.Debug|Any CPU.Build.0 = Debug|Any CPU
		{FF7427D3-439C-4617-B17B-26A0EE625471}.Release|Any CPU.ActiveCfg = Release|Any CPU
		{FF7427D3-439C-4617-B17B-26A0EE625471}.Release|Any CPU.Build.0 = Release|Any CPU
		{02ECB869-4721-4019-817B-74CF3D3C6482}.Debug|Any CPU.ActiveCfg = Debug|Any CPU
		{02ECB869-4721-4019-817B-74CF3D3C6482}.Debug|Any CPU.Build.0 = Debug|Any CPU
		{02ECB869-4721-4019-817B-74CF3D3C6482}.Release|Any CPU.ActiveCfg = Release|Any CPU
		{02ECB869-4721-4019-817B-74CF3D3C6482}.Release|Any CPU.Build.0 = Release|Any CPU
		{6581CE59-6105-4672-ABD0-55E653672571}.Debug|Any CPU.ActiveCfg = Debug|Any CPU
		{6581CE59-6105-4672-ABD0-55E653672571}.Debug|Any CPU.Build.0 = Debug|Any CPU
		{6581CE59-6105-4672-ABD0-55E653672571}.Release|Any CPU.ActiveCfg = Release|Any CPU
		{6581CE59-6105-4672-ABD0-55E653672571}.Release|Any CPU.Build.0 = Release|Any CPU
		{8C3C2A18-BB66-4CFD-9468-FC34BE7B790B}.Debug|Any CPU.ActiveCfg = Debug|Any CPU
		{8C3C2A18-BB66-4CFD-9468-FC34BE7B790B}.Debug|Any CPU.Build.0 = Debug|Any CPU
		{8C3C2A18-BB66-4CFD-9468-FC34BE7B790B}.Release|Any CPU.ActiveCfg = Release|Any CPU
		{8C3C2A18-BB66-4CFD-9468-FC34BE7B790B}.Release|Any CPU.Build.0 = Release|Any CPU
		{15CCBE65-02A9-4D34-812A-A3C8DE54F6D7}.Debug|Any CPU.ActiveCfg = Debug|Any CPU
		{15CCBE65-02A9-4D34-812A-A3C8DE54F6D7}.Debug|Any CPU.Build.0 = Debug|Any CPU
		{15CCBE65-02A9-4D34-812A-A3C8DE54F6D7}.Release|Any CPU.ActiveCfg = Release|Any CPU
		{15CCBE65-02A9-4D34-812A-A3C8DE54F6D7}.Release|Any CPU.Build.0 = Release|Any CPU
		{C8D4E18C-9EE0-4F18-A37B-E18B2834357D}.Debug|Any CPU.ActiveCfg = Debug|Any CPU
		{C8D4E18C-9EE0-4F18-A37B-E18B2834357D}.Debug|Any CPU.Build.0 = Debug|Any CPU
		{C8D4E18C-9EE0-4F18-A37B-E18B2834357D}.Release|Any CPU.ActiveCfg = Release|Any CPU
		{C8D4E18C-9EE0-4F18-A37B-E18B2834357D}.Release|Any CPU.Build.0 = Release|Any CPU
		{5D0E75D8-BDCC-4ACC-90D4-AA867DB4246D}.Debug|Any CPU.ActiveCfg = Debug|Any CPU
		{5D0E75D8-BDCC-4ACC-90D4-AA867DB4246D}.Debug|Any CPU.Build.0 = Debug|Any CPU
		{5D0E75D8-BDCC-4ACC-90D4-AA867DB4246D}.Release|Any CPU.ActiveCfg = Release|Any CPU
		{5D0E75D8-BDCC-4ACC-90D4-AA867DB4246D}.Release|Any CPU.Build.0 = Release|Any CPU
		{583634CE-2977-4238-AA90-164E9BDD4198}.Debug|Any CPU.ActiveCfg = Debug|Any CPU
		{583634CE-2977-4238-AA90-164E9BDD4198}.Debug|Any CPU.Build.0 = Debug|Any CPU
		{583634CE-2977-4238-AA90-164E9BDD4198}.Release|Any CPU.ActiveCfg = Release|Any CPU
		{583634CE-2977-4238-AA90-164E9BDD4198}.Release|Any CPU.Build.0 = Release|Any CPU
		{94474285-CAFB-4A71-AED2-D6A80564F543}.Debug|Any CPU.ActiveCfg = Debug|Any CPU
		{94474285-CAFB-4A71-AED2-D6A80564F543}.Debug|Any CPU.Build.0 = Debug|Any CPU
		{94474285-CAFB-4A71-AED2-D6A80564F543}.Release|Any CPU.ActiveCfg = Release|Any CPU
		{94474285-CAFB-4A71-AED2-D6A80564F543}.Release|Any CPU.Build.0 = Release|Any CPU
		{EC4AF4C3-EC56-491A-A5B3-2D54938D32B1}.Debug|Any CPU.ActiveCfg = Debug|Any CPU
		{EC4AF4C3-EC56-491A-A5B3-2D54938D32B1}.Debug|Any CPU.Build.0 = Debug|Any CPU
		{EC4AF4C3-EC56-491A-A5B3-2D54938D32B1}.Release|Any CPU.ActiveCfg = Release|Any CPU
		{EC4AF4C3-EC56-491A-A5B3-2D54938D32B1}.Release|Any CPU.Build.0 = Release|Any CPU
		{E3A3553B-2050-499A-8E33-DB6C93C579E4}.Debug|Any CPU.ActiveCfg = Debug|Any CPU
		{E3A3553B-2050-499A-8E33-DB6C93C579E4}.Debug|Any CPU.Build.0 = Debug|Any CPU
		{E3A3553B-2050-499A-8E33-DB6C93C579E4}.Release|Any CPU.ActiveCfg = Release|Any CPU
		{E3A3553B-2050-499A-8E33-DB6C93C579E4}.Release|Any CPU.Build.0 = Release|Any CPU
		{2E51588E-5B68-4567-89BC-D5BF23477533}.Debug|Any CPU.ActiveCfg = Debug|Any CPU
		{2E51588E-5B68-4567-89BC-D5BF23477533}.Debug|Any CPU.Build.0 = Debug|Any CPU
		{2E51588E-5B68-4567-89BC-D5BF23477533}.Release|Any CPU.ActiveCfg = Release|Any CPU
		{2E51588E-5B68-4567-89BC-D5BF23477533}.Release|Any CPU.Build.0 = Release|Any CPU
		{3EE40273-63C4-4256-B696-095AE3CCEF02}.Debug|Any CPU.ActiveCfg = Debug|Any CPU
		{3EE40273-63C4-4256-B696-095AE3CCEF02}.Debug|Any CPU.Build.0 = Debug|Any CPU
		{3EE40273-63C4-4256-B696-095AE3CCEF02}.Release|Any CPU.ActiveCfg = Release|Any CPU
		{3EE40273-63C4-4256-B696-095AE3CCEF02}.Release|Any CPU.Build.0 = Release|Any CPU
		{C3522D53-6374-4AED-9A98-B22EA151CBF4}.Debug|Any CPU.ActiveCfg = Debug|Any CPU
		{C3522D53-6374-4AED-9A98-B22EA151CBF4}.Debug|Any CPU.Build.0 = Debug|Any CPU
		{C3522D53-6374-4AED-9A98-B22EA151CBF4}.Release|Any CPU.ActiveCfg = Release|Any CPU
		{C3522D53-6374-4AED-9A98-B22EA151CBF4}.Release|Any CPU.Build.0 = Release|Any CPU
		{FBD5B903-8399-4B35-8817-9C0B38934A42}.Debug|Any CPU.ActiveCfg = Debug|Any CPU
		{FBD5B903-8399-4B35-8817-9C0B38934A42}.Debug|Any CPU.Build.0 = Debug|Any CPU
		{FBD5B903-8399-4B35-8817-9C0B38934A42}.Release|Any CPU.ActiveCfg = Release|Any CPU
		{FBD5B903-8399-4B35-8817-9C0B38934A42}.Release|Any CPU.Build.0 = Release|Any CPU
		{A721433D-B667-4623-A451-51360D6EC048}.Debug|Any CPU.ActiveCfg = Debug|Any CPU
		{A721433D-B667-4623-A451-51360D6EC048}.Debug|Any CPU.Build.0 = Debug|Any CPU
		{A721433D-B667-4623-A451-51360D6EC048}.Release|Any CPU.ActiveCfg = Release|Any CPU
		{A721433D-B667-4623-A451-51360D6EC048}.Release|Any CPU.Build.0 = Release|Any CPU
		{BBC3A24E-4F61-4631-8D9E-D915970691A1}.Debug|Any CPU.ActiveCfg = Debug|Any CPU
		{BBC3A24E-4F61-4631-8D9E-D915970691A1}.Debug|Any CPU.Build.0 = Debug|Any CPU
		{BBC3A24E-4F61-4631-8D9E-D915970691A1}.Release|Any CPU.ActiveCfg = Release|Any CPU
		{BBC3A24E-4F61-4631-8D9E-D915970691A1}.Release|Any CPU.Build.0 = Release|Any CPU
		{149AF93E-214A-4D26-B389-99B75CDC4DE2}.Debug|Any CPU.ActiveCfg = Debug|Any CPU
		{149AF93E-214A-4D26-B389-99B75CDC4DE2}.Debug|Any CPU.Build.0 = Debug|Any CPU
		{149AF93E-214A-4D26-B389-99B75CDC4DE2}.Release|Any CPU.ActiveCfg = Release|Any CPU
		{149AF93E-214A-4D26-B389-99B75CDC4DE2}.Release|Any CPU.Build.0 = Release|Any CPU
		{55604D78-2DEB-4678-9AA4-BDCB902E9B80}.Debug|Any CPU.ActiveCfg = Debug|Any CPU
		{55604D78-2DEB-4678-9AA4-BDCB902E9B80}.Debug|Any CPU.Build.0 = Debug|Any CPU
		{55604D78-2DEB-4678-9AA4-BDCB902E9B80}.Release|Any CPU.ActiveCfg = Release|Any CPU
		{55604D78-2DEB-4678-9AA4-BDCB902E9B80}.Release|Any CPU.Build.0 = Release|Any CPU
		{9E50BB4A-A211-4300-8EC6-B7921F5B3C3C}.Debug|Any CPU.ActiveCfg = Debug|Any CPU
		{9E50BB4A-A211-4300-8EC6-B7921F5B3C3C}.Debug|Any CPU.Build.0 = Debug|Any CPU
		{9E50BB4A-A211-4300-8EC6-B7921F5B3C3C}.Release|Any CPU.ActiveCfg = Release|Any CPU
		{9E50BB4A-A211-4300-8EC6-B7921F5B3C3C}.Release|Any CPU.Build.0 = Release|Any CPU
		{0498A7AD-313C-45DC-A425-DAF74B5F5294}.Debug|Any CPU.ActiveCfg = Debug|Any CPU
		{0498A7AD-313C-45DC-A425-DAF74B5F5294}.Debug|Any CPU.Build.0 = Debug|Any CPU
		{0498A7AD-313C-45DC-A425-DAF74B5F5294}.Release|Any CPU.ActiveCfg = Release|Any CPU
		{0498A7AD-313C-45DC-A425-DAF74B5F5294}.Release|Any CPU.Build.0 = Release|Any CPU
		{AF0439DD-6AA7-4322-AD56-09279AF1CEC1}.Debug|Any CPU.ActiveCfg = Debug|Any CPU
		{AF0439DD-6AA7-4322-AD56-09279AF1CEC1}.Debug|Any CPU.Build.0 = Debug|Any CPU
		{AF0439DD-6AA7-4322-AD56-09279AF1CEC1}.Release|Any CPU.ActiveCfg = Release|Any CPU
		{AF0439DD-6AA7-4322-AD56-09279AF1CEC1}.Release|Any CPU.Build.0 = Release|Any CPU
		{396DA79A-2E97-4BF2-BC7A-033780347892}.Debug|Any CPU.ActiveCfg = Debug|Any CPU
		{396DA79A-2E97-4BF2-BC7A-033780347892}.Debug|Any CPU.Build.0 = Debug|Any CPU
		{396DA79A-2E97-4BF2-BC7A-033780347892}.Release|Any CPU.ActiveCfg = Release|Any CPU
		{396DA79A-2E97-4BF2-BC7A-033780347892}.Release|Any CPU.Build.0 = Release|Any CPU
		{6B77D8ED-8392-4A8D-9747-296BE54100B2}.Debug|Any CPU.ActiveCfg = Debug|Any CPU
		{6B77D8ED-8392-4A8D-9747-296BE54100B2}.Debug|Any CPU.Build.0 = Debug|Any CPU
		{6B77D8ED-8392-4A8D-9747-296BE54100B2}.Release|Any CPU.ActiveCfg = Release|Any CPU
		{6B77D8ED-8392-4A8D-9747-296BE54100B2}.Release|Any CPU.Build.0 = Release|Any CPU
		{3ECAFBC7-7F14-46ED-A7B7-203E03F8FC0D}.Debug|Any CPU.ActiveCfg = Debug|Any CPU
		{3ECAFBC7-7F14-46ED-A7B7-203E03F8FC0D}.Debug|Any CPU.Build.0 = Debug|Any CPU
		{3ECAFBC7-7F14-46ED-A7B7-203E03F8FC0D}.Release|Any CPU.ActiveCfg = Release|Any CPU
		{3ECAFBC7-7F14-46ED-A7B7-203E03F8FC0D}.Release|Any CPU.Build.0 = Release|Any CPU
		{F04DFBD4-17FC-4663-A73B-29061DC74763}.Debug|Any CPU.ActiveCfg = Debug|Any CPU
		{F04DFBD4-17FC-4663-A73B-29061DC74763}.Debug|Any CPU.Build.0 = Debug|Any CPU
		{F04DFBD4-17FC-4663-A73B-29061DC74763}.Release|Any CPU.ActiveCfg = Release|Any CPU
		{F04DFBD4-17FC-4663-A73B-29061DC74763}.Release|Any CPU.Build.0 = Release|Any CPU
		{40332ECA-93ED-4315-9D58-E8F11C5051A9}.Debug|Any CPU.ActiveCfg = Debug|Any CPU
		{40332ECA-93ED-4315-9D58-E8F11C5051A9}.Debug|Any CPU.Build.0 = Debug|Any CPU
		{40332ECA-93ED-4315-9D58-E8F11C5051A9}.Release|Any CPU.ActiveCfg = Release|Any CPU
		{40332ECA-93ED-4315-9D58-E8F11C5051A9}.Release|Any CPU.Build.0 = Release|Any CPU
		{1891C160-5A41-421F-B12C-8B285760700D}.Debug|Any CPU.ActiveCfg = Debug|Any CPU
		{1891C160-5A41-421F-B12C-8B285760700D}.Debug|Any CPU.Build.0 = Debug|Any CPU
		{1891C160-5A41-421F-B12C-8B285760700D}.Release|Any CPU.ActiveCfg = Release|Any CPU
		{1891C160-5A41-421F-B12C-8B285760700D}.Release|Any CPU.Build.0 = Release|Any CPU
		{86C7EDB6-515A-4973-B696-837EBDC1B356}.Debug|Any CPU.ActiveCfg = Debug|Any CPU
		{86C7EDB6-515A-4973-B696-837EBDC1B356}.Debug|Any CPU.Build.0 = Debug|Any CPU
		{86C7EDB6-515A-4973-B696-837EBDC1B356}.Release|Any CPU.ActiveCfg = Release|Any CPU
		{86C7EDB6-515A-4973-B696-837EBDC1B356}.Release|Any CPU.Build.0 = Release|Any CPU
		{A539F678-90DB-4F40-A887-612913459E5D}.Debug|Any CPU.ActiveCfg = Debug|Any CPU
		{A539F678-90DB-4F40-A887-612913459E5D}.Debug|Any CPU.Build.0 = Debug|Any CPU
		{A539F678-90DB-4F40-A887-612913459E5D}.Release|Any CPU.ActiveCfg = Release|Any CPU
		{A539F678-90DB-4F40-A887-612913459E5D}.Release|Any CPU.Build.0 = Release|Any CPU
		{F8E4C0B1-EE91-4EC7-A6A2-28B6E850624B}.Debug|Any CPU.ActiveCfg = Debug|Any CPU
		{F8E4C0B1-EE91-4EC7-A6A2-28B6E850624B}.Debug|Any CPU.Build.0 = Debug|Any CPU
		{F8E4C0B1-EE91-4EC7-A6A2-28B6E850624B}.Release|Any CPU.ActiveCfg = Release|Any CPU
		{F8E4C0B1-EE91-4EC7-A6A2-28B6E850624B}.Release|Any CPU.Build.0 = Release|Any CPU
		{CA25CF4C-59DC-46D3-84F6-96103A3F8A26}.Debug|Any CPU.ActiveCfg = Debug|Any CPU
		{CA25CF4C-59DC-46D3-84F6-96103A3F8A26}.Debug|Any CPU.Build.0 = Debug|Any CPU
		{CA25CF4C-59DC-46D3-84F6-96103A3F8A26}.Release|Any CPU.ActiveCfg = Release|Any CPU
		{CA25CF4C-59DC-46D3-84F6-96103A3F8A26}.Release|Any CPU.Build.0 = Release|Any CPU
		{63190596-5AE1-4D59-9167-7CD822B6264A}.Debug|Any CPU.ActiveCfg = Debug|Any CPU
		{63190596-5AE1-4D59-9167-7CD822B6264A}.Debug|Any CPU.Build.0 = Debug|Any CPU
		{63190596-5AE1-4D59-9167-7CD822B6264A}.Release|Any CPU.ActiveCfg = Release|Any CPU
		{63190596-5AE1-4D59-9167-7CD822B6264A}.Release|Any CPU.Build.0 = Release|Any CPU
		{04B21910-059F-4EFD-8627-8000FA803EE0}.Debug|Any CPU.ActiveCfg = Debug|Any CPU
		{04B21910-059F-4EFD-8627-8000FA803EE0}.Debug|Any CPU.Build.0 = Debug|Any CPU
		{04B21910-059F-4EFD-8627-8000FA803EE0}.Release|Any CPU.ActiveCfg = Release|Any CPU
		{04B21910-059F-4EFD-8627-8000FA803EE0}.Release|Any CPU.Build.0 = Release|Any CPU
		{4DBAB113-E8B7-4CEE-8D01-040600BC7E18}.Debug|Any CPU.ActiveCfg = Debug|Any CPU
		{4DBAB113-E8B7-4CEE-8D01-040600BC7E18}.Debug|Any CPU.Build.0 = Debug|Any CPU
		{4DBAB113-E8B7-4CEE-8D01-040600BC7E18}.Release|Any CPU.ActiveCfg = Release|Any CPU
		{4DBAB113-E8B7-4CEE-8D01-040600BC7E18}.Release|Any CPU.Build.0 = Release|Any CPU
		{07512AC4-AE1E-410F-B511-444984CB5AAD}.Debug|Any CPU.ActiveCfg = Debug|Any CPU
		{07512AC4-AE1E-410F-B511-444984CB5AAD}.Debug|Any CPU.Build.0 = Debug|Any CPU
		{07512AC4-AE1E-410F-B511-444984CB5AAD}.Release|Any CPU.ActiveCfg = Release|Any CPU
		{07512AC4-AE1E-410F-B511-444984CB5AAD}.Release|Any CPU.Build.0 = Release|Any CPU
		{8E26EE32-0919-4FAD-88E7-747CBD047C62}.Debug|Any CPU.ActiveCfg = Debug|Any CPU
		{8E26EE32-0919-4FAD-88E7-747CBD047C62}.Debug|Any CPU.Build.0 = Debug|Any CPU
		{8E26EE32-0919-4FAD-88E7-747CBD047C62}.Release|Any CPU.ActiveCfg = Release|Any CPU
		{8E26EE32-0919-4FAD-88E7-747CBD047C62}.Release|Any CPU.Build.0 = Release|Any CPU
		{01E90A84-077E-4D23-AD82-20B96D440154}.Debug|Any CPU.ActiveCfg = Debug|Any CPU
		{01E90A84-077E-4D23-AD82-20B96D440154}.Debug|Any CPU.Build.0 = Debug|Any CPU
		{01E90A84-077E-4D23-AD82-20B96D440154}.Release|Any CPU.ActiveCfg = Release|Any CPU
		{01E90A84-077E-4D23-AD82-20B96D440154}.Release|Any CPU.Build.0 = Release|Any CPU
		{916F5C65-86F1-4752-8D02-FE4F927FB81F}.Debug|Any CPU.ActiveCfg = Debug|Any CPU
		{916F5C65-86F1-4752-8D02-FE4F927FB81F}.Debug|Any CPU.Build.0 = Debug|Any CPU
		{916F5C65-86F1-4752-8D02-FE4F927FB81F}.Release|Any CPU.ActiveCfg = Release|Any CPU
		{916F5C65-86F1-4752-8D02-FE4F927FB81F}.Release|Any CPU.Build.0 = Release|Any CPU
		{6DC3B68C-2F6A-4C4D-9779-E17A84E26E9C}.Debug|Any CPU.ActiveCfg = Debug|Any CPU
		{6DC3B68C-2F6A-4C4D-9779-E17A84E26E9C}.Debug|Any CPU.Build.0 = Debug|Any CPU
		{6DC3B68C-2F6A-4C4D-9779-E17A84E26E9C}.Release|Any CPU.ActiveCfg = Release|Any CPU
		{6DC3B68C-2F6A-4C4D-9779-E17A84E26E9C}.Release|Any CPU.Build.0 = Release|Any CPU
		{A592E4C5-B635-4061-B9A3-69A01F596B8A}.Debug|Any CPU.ActiveCfg = Debug|Any CPU
		{A592E4C5-B635-4061-B9A3-69A01F596B8A}.Debug|Any CPU.Build.0 = Debug|Any CPU
		{A592E4C5-B635-4061-B9A3-69A01F596B8A}.Release|Any CPU.ActiveCfg = Release|Any CPU
		{A592E4C5-B635-4061-B9A3-69A01F596B8A}.Release|Any CPU.Build.0 = Release|Any CPU
		{DC2587D6-DFB8-4558-AB14-1F893BE857B5}.Debug|Any CPU.ActiveCfg = Debug|Any CPU
		{DC2587D6-DFB8-4558-AB14-1F893BE857B5}.Debug|Any CPU.Build.0 = Debug|Any CPU
		{DC2587D6-DFB8-4558-AB14-1F893BE857B5}.Release|Any CPU.ActiveCfg = Release|Any CPU
		{DC2587D6-DFB8-4558-AB14-1F893BE857B5}.Release|Any CPU.Build.0 = Release|Any CPU
		{1C1A0D13-FEAF-485E-B766-8F6A38838B7B}.Debug|Any CPU.ActiveCfg = Debug|Any CPU
		{1C1A0D13-FEAF-485E-B766-8F6A38838B7B}.Debug|Any CPU.Build.0 = Debug|Any CPU
		{1C1A0D13-FEAF-485E-B766-8F6A38838B7B}.Release|Any CPU.ActiveCfg = Release|Any CPU
		{1C1A0D13-FEAF-485E-B766-8F6A38838B7B}.Release|Any CPU.Build.0 = Release|Any CPU
		{3553BC0F-193E-49AF-827B-E500EE35E2FF}.Debug|Any CPU.ActiveCfg = Debug|Any CPU
		{3553BC0F-193E-49AF-827B-E500EE35E2FF}.Debug|Any CPU.Build.0 = Debug|Any CPU
		{3553BC0F-193E-49AF-827B-E500EE35E2FF}.Release|Any CPU.ActiveCfg = Release|Any CPU
		{3553BC0F-193E-49AF-827B-E500EE35E2FF}.Release|Any CPU.Build.0 = Release|Any CPU
		{8B5FAEE6-25E4-40CE-B3E9-50E3CE624464}.Debug|Any CPU.ActiveCfg = Debug|Any CPU
		{8B5FAEE6-25E4-40CE-B3E9-50E3CE624464}.Debug|Any CPU.Build.0 = Debug|Any CPU
		{8B5FAEE6-25E4-40CE-B3E9-50E3CE624464}.Release|Any CPU.ActiveCfg = Release|Any CPU
		{8B5FAEE6-25E4-40CE-B3E9-50E3CE624464}.Release|Any CPU.Build.0 = Release|Any CPU
		{809B9741-5D22-4D7E-98DA-FF82A430DBE5}.Debug|Any CPU.ActiveCfg = Debug|Any CPU
		{809B9741-5D22-4D7E-98DA-FF82A430DBE5}.Debug|Any CPU.Build.0 = Debug|Any CPU
		{809B9741-5D22-4D7E-98DA-FF82A430DBE5}.Release|Any CPU.ActiveCfg = Release|Any CPU
		{809B9741-5D22-4D7E-98DA-FF82A430DBE5}.Release|Any CPU.Build.0 = Release|Any CPU
		{31D8A69E-FAA8-4AD5-8A1B-9F453E4F153B}.Debug|Any CPU.ActiveCfg = Debug|Any CPU
		{31D8A69E-FAA8-4AD5-8A1B-9F453E4F153B}.Debug|Any CPU.Build.0 = Debug|Any CPU
		{31D8A69E-FAA8-4AD5-8A1B-9F453E4F153B}.Release|Any CPU.ActiveCfg = Release|Any CPU
		{31D8A69E-FAA8-4AD5-8A1B-9F453E4F153B}.Release|Any CPU.Build.0 = Release|Any CPU
		{660741E6-C32F-45DD-AD4F-8B51489EB6AC}.Debug|Any CPU.ActiveCfg = Debug|Any CPU
		{660741E6-C32F-45DD-AD4F-8B51489EB6AC}.Debug|Any CPU.Build.0 = Debug|Any CPU
		{660741E6-C32F-45DD-AD4F-8B51489EB6AC}.Release|Any CPU.ActiveCfg = Release|Any CPU
		{660741E6-C32F-45DD-AD4F-8B51489EB6AC}.Release|Any CPU.Build.0 = Release|Any CPU
		{040EC06E-8A97-4DDC-937C-D3E663E25F5C}.Debug|Any CPU.ActiveCfg = Debug|Any CPU
		{040EC06E-8A97-4DDC-937C-D3E663E25F5C}.Debug|Any CPU.Build.0 = Debug|Any CPU
		{040EC06E-8A97-4DDC-937C-D3E663E25F5C}.Release|Any CPU.ActiveCfg = Release|Any CPU
		{040EC06E-8A97-4DDC-937C-D3E663E25F5C}.Release|Any CPU.Build.0 = Release|Any CPU
		{AC450B15-68BC-4FCC-A910-AF6EE51CE2DF}.Debug|Any CPU.ActiveCfg = Debug|Any CPU
		{AC450B15-68BC-4FCC-A910-AF6EE51CE2DF}.Debug|Any CPU.Build.0 = Debug|Any CPU
		{AC450B15-68BC-4FCC-A910-AF6EE51CE2DF}.Release|Any CPU.ActiveCfg = Release|Any CPU
		{AC450B15-68BC-4FCC-A910-AF6EE51CE2DF}.Release|Any CPU.Build.0 = Release|Any CPU
		{393556A3-4BC4-4EA4-BEC5-1CA367560F9A}.Debug|Any CPU.ActiveCfg = Debug|Any CPU
		{393556A3-4BC4-4EA4-BEC5-1CA367560F9A}.Debug|Any CPU.Build.0 = Debug|Any CPU
		{393556A3-4BC4-4EA4-BEC5-1CA367560F9A}.Release|Any CPU.ActiveCfg = Release|Any CPU
		{393556A3-4BC4-4EA4-BEC5-1CA367560F9A}.Release|Any CPU.Build.0 = Release|Any CPU
		{8BAA0F97-9EB8-4F63-90D3-C612B28DF1B8}.Debug|Any CPU.ActiveCfg = Debug|Any CPU
		{8BAA0F97-9EB8-4F63-90D3-C612B28DF1B8}.Debug|Any CPU.Build.0 = Debug|Any CPU
		{8BAA0F97-9EB8-4F63-90D3-C612B28DF1B8}.Release|Any CPU.ActiveCfg = Release|Any CPU
		{8BAA0F97-9EB8-4F63-90D3-C612B28DF1B8}.Release|Any CPU.Build.0 = Release|Any CPU
		{1C01DD6C-77D7-4152-B39D-586307D84779}.Debug|Any CPU.ActiveCfg = Debug|Any CPU
		{1C01DD6C-77D7-4152-B39D-586307D84779}.Debug|Any CPU.Build.0 = Debug|Any CPU
		{1C01DD6C-77D7-4152-B39D-586307D84779}.Release|Any CPU.ActiveCfg = Release|Any CPU
		{1C01DD6C-77D7-4152-B39D-586307D84779}.Release|Any CPU.Build.0 = Release|Any CPU
		{0D7051D6-1EBD-4002-BE20-F35FB2BC785F}.Debug|Any CPU.ActiveCfg = Debug|Any CPU
		{0D7051D6-1EBD-4002-BE20-F35FB2BC785F}.Debug|Any CPU.Build.0 = Debug|Any CPU
		{0D7051D6-1EBD-4002-BE20-F35FB2BC785F}.Release|Any CPU.ActiveCfg = Release|Any CPU
		{0D7051D6-1EBD-4002-BE20-F35FB2BC785F}.Release|Any CPU.Build.0 = Release|Any CPU
		{DA9E01B3-7E2E-452D-B051-DCE7714ACB9E}.Debug|Any CPU.ActiveCfg = Debug|Any CPU
		{DA9E01B3-7E2E-452D-B051-DCE7714ACB9E}.Debug|Any CPU.Build.0 = Debug|Any CPU
		{DA9E01B3-7E2E-452D-B051-DCE7714ACB9E}.Release|Any CPU.ActiveCfg = Release|Any CPU
		{DA9E01B3-7E2E-452D-B051-DCE7714ACB9E}.Release|Any CPU.Build.0 = Release|Any CPU
		{5C9459C4-A8EE-4D3B-8A71-B691A1719217}.Debug|Any CPU.ActiveCfg = Debug|Any CPU
		{5C9459C4-A8EE-4D3B-8A71-B691A1719217}.Debug|Any CPU.Build.0 = Debug|Any CPU
		{5C9459C4-A8EE-4D3B-8A71-B691A1719217}.Release|Any CPU.ActiveCfg = Release|Any CPU
		{5C9459C4-A8EE-4D3B-8A71-B691A1719217}.Release|Any CPU.Build.0 = Release|Any CPU
		{964B6D2F-23F8-49FC-93EF-9A5418C07538}.Debug|Any CPU.ActiveCfg = Debug|Any CPU
		{964B6D2F-23F8-49FC-93EF-9A5418C07538}.Debug|Any CPU.Build.0 = Debug|Any CPU
		{964B6D2F-23F8-49FC-93EF-9A5418C07538}.Release|Any CPU.ActiveCfg = Release|Any CPU
		{964B6D2F-23F8-49FC-93EF-9A5418C07538}.Release|Any CPU.Build.0 = Release|Any CPU
		{EA8D7B6E-E7EE-476B-A4A9-636AE9EE002F}.Debug|Any CPU.ActiveCfg = Debug|Any CPU
		{EA8D7B6E-E7EE-476B-A4A9-636AE9EE002F}.Debug|Any CPU.Build.0 = Debug|Any CPU
		{EA8D7B6E-E7EE-476B-A4A9-636AE9EE002F}.Release|Any CPU.ActiveCfg = Release|Any CPU
		{EA8D7B6E-E7EE-476B-A4A9-636AE9EE002F}.Release|Any CPU.Build.0 = Release|Any CPU
		{4ACC3BAC-8B54-4430-8E26-45DEC12D996C}.Debug|Any CPU.ActiveCfg = Debug|Any CPU
		{4ACC3BAC-8B54-4430-8E26-45DEC12D996C}.Debug|Any CPU.Build.0 = Debug|Any CPU
		{4ACC3BAC-8B54-4430-8E26-45DEC12D996C}.Release|Any CPU.ActiveCfg = Release|Any CPU
		{4ACC3BAC-8B54-4430-8E26-45DEC12D996C}.Release|Any CPU.Build.0 = Release|Any CPU
	EndGlobalSection
	GlobalSection(SolutionProperties) = preSolution
		HideSolutionNode = FALSE
	EndGlobalSection
	GlobalSection(NestedProjects) = preSolution
		{3FE56C6E-7BA5-43FE-8F63-EDCCE0E9320B} = {D494C3BD-C224-4F0B-9F80-E557C5004D34}
		{1ABE8E67-974F-4F03-A342-FFF0326A5B33} = {3FE56C6E-7BA5-43FE-8F63-EDCCE0E9320B}
		{3D0C461F-487A-416A-9363-CC7F2DB61742} = {3FE56C6E-7BA5-43FE-8F63-EDCCE0E9320B}
		{426E293B-83D5-4D88-9CBF-E8A7F8C598B3} = {3FE56C6E-7BA5-43FE-8F63-EDCCE0E9320B}
		{583954BC-1E23-4E62-B539-131CF3FBC96E} = {E69B1E1F-8643-47FD-A195-69CD912E3550}
		{BAFA46B3-EADB-4A05-AF24-0D47062B90B6} = {583954BC-1E23-4E62-B539-131CF3FBC96E}
		{7C0EC881-13F5-4E3D-A662-3055FBA8CE06} = {583954BC-1E23-4E62-B539-131CF3FBC96E}
		{FF7427D3-439C-4617-B17B-26A0EE625471} = {583954BC-1E23-4E62-B539-131CF3FBC96E}
		{02ECB869-4721-4019-817B-74CF3D3C6482} = {583954BC-1E23-4E62-B539-131CF3FBC96E}
		{6581CE59-6105-4672-ABD0-55E653672571} = {583954BC-1E23-4E62-B539-131CF3FBC96E}
		{8C3C2A18-BB66-4CFD-9468-FC34BE7B790B} = {583954BC-1E23-4E62-B539-131CF3FBC96E}
		{15CCBE65-02A9-4D34-812A-A3C8DE54F6D7} = {583954BC-1E23-4E62-B539-131CF3FBC96E}
		{C8D4E18C-9EE0-4F18-A37B-E18B2834357D} = {583954BC-1E23-4E62-B539-131CF3FBC96E}
		{5D0E75D8-BDCC-4ACC-90D4-AA867DB4246D} = {583954BC-1E23-4E62-B539-131CF3FBC96E}
		{794822B4-6156-4038-AAEE-D20C67D58A7A} = {E69B1E1F-8643-47FD-A195-69CD912E3550}
		{583634CE-2977-4238-AA90-164E9BDD4198} = {794822B4-6156-4038-AAEE-D20C67D58A7A}
		{38DA0455-9724-498A-83EF-B4285EB00AD1} = {E69B1E1F-8643-47FD-A195-69CD912E3550}
		{50A1B7BA-85A8-4AD0-B90C-829A756CC0E5} = {38DA0455-9724-498A-83EF-B4285EB00AD1}
		{94474285-CAFB-4A71-AED2-D6A80564F543} = {50A1B7BA-85A8-4AD0-B90C-829A756CC0E5}
		{EC4AF4C3-EC56-491A-A5B3-2D54938D32B1} = {50A1B7BA-85A8-4AD0-B90C-829A756CC0E5}
		{3E9C6582-CCF0-4A7C-B501-9F1308F04A7B} = {3248ECB3-BF45-40F2-9286-C4E526312CFB}
		{894A3D33-CFB7-4A72-9E1F-C08CE0F76340} = {3248ECB3-BF45-40F2-9286-C4E526312CFB}
		{9C68988B-09AE-4C63-A5AB-4EE71649283D} = {D494C3BD-C224-4F0B-9F80-E557C5004D34}
		{E3A3553B-2050-499A-8E33-DB6C93C579E4} = {9C68988B-09AE-4C63-A5AB-4EE71649283D}
		{6F829382-0804-4D82-8679-C69B14230287} = {9C68988B-09AE-4C63-A5AB-4EE71649283D}
		{2E51588E-5B68-4567-89BC-D5BF23477533} = {6F829382-0804-4D82-8679-C69B14230287}
		{3EE40273-63C4-4256-B696-095AE3CCEF02} = {6F829382-0804-4D82-8679-C69B14230287}
		{C3522D53-6374-4AED-9A98-B22EA151CBF4} = {6F829382-0804-4D82-8679-C69B14230287}
		{FBD5B903-8399-4B35-8817-9C0B38934A42} = {6F829382-0804-4D82-8679-C69B14230287}
		{A721433D-B667-4623-A451-51360D6EC048} = {6F829382-0804-4D82-8679-C69B14230287}
		{BBC3A24E-4F61-4631-8D9E-D915970691A1} = {6F829382-0804-4D82-8679-C69B14230287}
		{149AF93E-214A-4D26-B389-99B75CDC4DE2} = {6F829382-0804-4D82-8679-C69B14230287}
		{55604D78-2DEB-4678-9AA4-BDCB902E9B80} = {6F829382-0804-4D82-8679-C69B14230287}
		{9E50BB4A-A211-4300-8EC6-B7921F5B3C3C} = {6F829382-0804-4D82-8679-C69B14230287}
		{0498A7AD-313C-45DC-A425-DAF74B5F5294} = {6F829382-0804-4D82-8679-C69B14230287}
		{AF0439DD-6AA7-4322-AD56-09279AF1CEC1} = {9C68988B-09AE-4C63-A5AB-4EE71649283D}
		{396DA79A-2E97-4BF2-BC7A-033780347892} = {583954BC-1E23-4E62-B539-131CF3FBC96E}
		{6B77D8ED-8392-4A8D-9747-296BE54100B2} = {583954BC-1E23-4E62-B539-131CF3FBC96E}
		{3ECAFBC7-7F14-46ED-A7B7-203E03F8FC0D} = {50A1B7BA-85A8-4AD0-B90C-829A756CC0E5}
		{F04DFBD4-17FC-4663-A73B-29061DC74763} = {894A3D33-CFB7-4A72-9E1F-C08CE0F76340}
		{40332ECA-93ED-4315-9D58-E8F11C5051A9} = {3E9C6582-CCF0-4A7C-B501-9F1308F04A7B}
		{1891C160-5A41-421F-B12C-8B285760700D} = {3E9C6582-CCF0-4A7C-B501-9F1308F04A7B}
		{86C7EDB6-515A-4973-B696-837EBDC1B356} = {3E9C6582-CCF0-4A7C-B501-9F1308F04A7B}
		{A539F678-90DB-4F40-A887-612913459E5D} = {3E9C6582-CCF0-4A7C-B501-9F1308F04A7B}
		{F8E4C0B1-EE91-4EC7-A6A2-28B6E850624B} = {3E9C6582-CCF0-4A7C-B501-9F1308F04A7B}
		{CA25CF4C-59DC-46D3-84F6-96103A3F8A26} = {3E9C6582-CCF0-4A7C-B501-9F1308F04A7B}
		{63190596-5AE1-4D59-9167-7CD822B6264A} = {3E9C6582-CCF0-4A7C-B501-9F1308F04A7B}
		{04B21910-059F-4EFD-8627-8000FA803EE0} = {3E9C6582-CCF0-4A7C-B501-9F1308F04A7B}
		{4DBAB113-E8B7-4CEE-8D01-040600BC7E18} = {3E9C6582-CCF0-4A7C-B501-9F1308F04A7B}
		{07512AC4-AE1E-410F-B511-444984CB5AAD} = {3E9C6582-CCF0-4A7C-B501-9F1308F04A7B}
		{1C62BCEE-DC47-4093-8359-22F448216C7F} = {50A1B7BA-85A8-4AD0-B90C-829A756CC0E5}
		{8E26EE32-0919-4FAD-88E7-747CBD047C62} = {1C62BCEE-DC47-4093-8359-22F448216C7F}
		{01E90A84-077E-4D23-AD82-20B96D440154} = {50A1B7BA-85A8-4AD0-B90C-829A756CC0E5}
		{BF224751-0EE7-4C58-ABB9-4072587F1C01} = {A9CD030C-AAAF-4FDA-8C89-800752926480}
		{59FDA499-E9D8-476E-B5D5-00AFF392EB5E} = {A9CD030C-AAAF-4FDA-8C89-800752926480}
		{916F5C65-86F1-4752-8D02-FE4F927FB81F} = {BF224751-0EE7-4C58-ABB9-4072587F1C01}
		{6DC3B68C-2F6A-4C4D-9779-E17A84E26E9C} = {BF224751-0EE7-4C58-ABB9-4072587F1C01}
		{A592E4C5-B635-4061-B9A3-69A01F596B8A} = {BF224751-0EE7-4C58-ABB9-4072587F1C01}
		{DC2587D6-DFB8-4558-AB14-1F893BE857B5} = {BF224751-0EE7-4C58-ABB9-4072587F1C01}
		{1C1A0D13-FEAF-485E-B766-8F6A38838B7B} = {BF224751-0EE7-4C58-ABB9-4072587F1C01}
		{3553BC0F-193E-49AF-827B-E500EE35E2FF} = {BF224751-0EE7-4C58-ABB9-4072587F1C01}
		{8B5FAEE6-25E4-40CE-B3E9-50E3CE624464} = {BF224751-0EE7-4C58-ABB9-4072587F1C01}
		{809B9741-5D22-4D7E-98DA-FF82A430DBE5} = {BF224751-0EE7-4C58-ABB9-4072587F1C01}
		{31D8A69E-FAA8-4AD5-8A1B-9F453E4F153B} = {59FDA499-E9D8-476E-B5D5-00AFF392EB5E}
		{F3F8D54B-E896-4081-8F6B-EDD896CB51D0} = {A9CD030C-AAAF-4FDA-8C89-800752926480}
		{C7219A25-8825-457E-AF0C-28972F59C010} = {F3F8D54B-E896-4081-8F6B-EDD896CB51D0}
		{660741E6-C32F-45DD-AD4F-8B51489EB6AC} = {C7219A25-8825-457E-AF0C-28972F59C010}
		{040EC06E-8A97-4DDC-937C-D3E663E25F5C} = {C7219A25-8825-457E-AF0C-28972F59C010}
		{AC450B15-68BC-4FCC-A910-AF6EE51CE2DF} = {C7219A25-8825-457E-AF0C-28972F59C010}
		{393556A3-4BC4-4EA4-BEC5-1CA367560F9A} = {583954BC-1E23-4E62-B539-131CF3FBC96E}
		{8BAA0F97-9EB8-4F63-90D3-C612B28DF1B8} = {BF224751-0EE7-4C58-ABB9-4072587F1C01}
		{1C01DD6C-77D7-4152-B39D-586307D84779} = {3E9C6582-CCF0-4A7C-B501-9F1308F04A7B}
		{0D7051D6-1EBD-4002-BE20-F35FB2BC785F} = {3E9C6582-CCF0-4A7C-B501-9F1308F04A7B}
		{DA9E01B3-7E2E-452D-B051-DCE7714ACB9E} = {1C62BCEE-DC47-4093-8359-22F448216C7F}
		{5C9459C4-A8EE-4D3B-8A71-B691A1719217} = {1C62BCEE-DC47-4093-8359-22F448216C7F}
		{19370530-8B87-4113-B44D-347DFAB24608} = {E69B1E1F-8643-47FD-A195-69CD912E3550}
		{964B6D2F-23F8-49FC-93EF-9A5418C07538} = {19370530-8B87-4113-B44D-347DFAB24608}
		{EA8D7B6E-E7EE-476B-A4A9-636AE9EE002F} = {19370530-8B87-4113-B44D-347DFAB24608}
		{4ACC3BAC-8B54-4430-8E26-45DEC12D996C} = {D494C3BD-C224-4F0B-9F80-E557C5004D34}
	EndGlobalSection
	GlobalSection(ExtensibilityGlobals) = postSolution
		SolutionGuid = {00D78C3D-8536-4549-B1EE-C19BD0C50387}
	EndGlobalSection
EndGlobal
