
Microsoft Visual Studio Solution File, Format Version 12.00
# Visual Studio Version 16
VisualStudioVersion = 16.0.28922.388
MinimumVisualStudioVersion = 10.0.40219.1
Project("{2150E333-8FDC-42A3-9474-1A3956D46DE8}") = "Allors", "Allors", "{B7DFA9E8-6643-4B55-996D-2D884D9D19A1}"
EndProject
Project("{9A19103F-16F7-4668-BE54-9A1E7A4F7556}") = "Angular.Tests", "angular.tests\Angular.Tests.csproj", "{54D8DE2A-B154-4286-B374-BC29D0FD097C}"
EndProject
Project("{9A19103F-16F7-4668-BE54-9A1E7A4F7556}") = "Configuration", "..\..\..\dotnet\base\database\configuration\Configuration.csproj", "{7E093E09-8283-42E5-AA1A-04B0CB96EB19}"
EndProject
Project("{9A19103F-16F7-4668-BE54-9A1E7A4F7556}") = "Domain", "..\..\..\dotnet\base\database\domain\Domain.csproj", "{73BBAF79-76D5-42FA-AF3B-A9FE2A96A336}"
EndProject
Project("{9A19103F-16F7-4668-BE54-9A1E7A4F7556}") = "Meta", "..\..\..\dotnet\base\database\meta\Meta.csproj", "{4099337D-0A80-4416-9F24-02382A073183}"
EndProject
Project("{9A19103F-16F7-4668-BE54-9A1E7A4F7556}") = "allors.database.adapters.sql.sqlclient", "..\..\..\dotnet\system\database\adapters\allors.database.adapters.sql.sqlclient\allors.database.adapters.sql.sqlclient.csproj", "{BB36C267-FD8D-4233-ABD6-6851526C4E4F}"
EndProject
Global
	GlobalSection(SolutionConfigurationPlatforms) = preSolution
		Debug|Any CPU = Debug|Any CPU
		Release|Any CPU = Release|Any CPU
	EndGlobalSection
	GlobalSection(ProjectConfigurationPlatforms) = postSolution
		{54D8DE2A-B154-4286-B374-BC29D0FD097C}.Debug|Any CPU.ActiveCfg = Debug|Any CPU
		{54D8DE2A-B154-4286-B374-BC29D0FD097C}.Debug|Any CPU.Build.0 = Debug|Any CPU
		{54D8DE2A-B154-4286-B374-BC29D0FD097C}.Release|Any CPU.ActiveCfg = Release|Any CPU
		{54D8DE2A-B154-4286-B374-BC29D0FD097C}.Release|Any CPU.Build.0 = Release|Any CPU
		{7E093E09-8283-42E5-AA1A-04B0CB96EB19}.Debug|Any CPU.ActiveCfg = Debug|Any CPU
		{7E093E09-8283-42E5-AA1A-04B0CB96EB19}.Debug|Any CPU.Build.0 = Debug|Any CPU
		{7E093E09-8283-42E5-AA1A-04B0CB96EB19}.Release|Any CPU.ActiveCfg = Release|Any CPU
		{7E093E09-8283-42E5-AA1A-04B0CB96EB19}.Release|Any CPU.Build.0 = Release|Any CPU
		{73BBAF79-76D5-42FA-AF3B-A9FE2A96A336}.Debug|Any CPU.ActiveCfg = Debug|Any CPU
		{73BBAF79-76D5-42FA-AF3B-A9FE2A96A336}.Debug|Any CPU.Build.0 = Debug|Any CPU
		{73BBAF79-76D5-42FA-AF3B-A9FE2A96A336}.Release|Any CPU.ActiveCfg = Release|Any CPU
		{73BBAF79-76D5-42FA-AF3B-A9FE2A96A336}.Release|Any CPU.Build.0 = Release|Any CPU
		{4099337D-0A80-4416-9F24-02382A073183}.Debug|Any CPU.ActiveCfg = Debug|Any CPU
		{4099337D-0A80-4416-9F24-02382A073183}.Debug|Any CPU.Build.0 = Debug|Any CPU
		{4099337D-0A80-4416-9F24-02382A073183}.Release|Any CPU.ActiveCfg = Release|Any CPU
		{4099337D-0A80-4416-9F24-02382A073183}.Release|Any CPU.Build.0 = Release|Any CPU
		{BB36C267-FD8D-4233-ABD6-6851526C4E4F}.Debug|Any CPU.ActiveCfg = Debug|Any CPU
		{BB36C267-FD8D-4233-ABD6-6851526C4E4F}.Debug|Any CPU.Build.0 = Debug|Any CPU
		{BB36C267-FD8D-4233-ABD6-6851526C4E4F}.Release|Any CPU.ActiveCfg = Release|Any CPU
		{BB36C267-FD8D-4233-ABD6-6851526C4E4F}.Release|Any CPU.Build.0 = Release|Any CPU
	EndGlobalSection
	GlobalSection(SolutionProperties) = preSolution
		HideSolutionNode = FALSE
	EndGlobalSection
	GlobalSection(NestedProjects) = preSolution
		{7E093E09-8283-42E5-AA1A-04B0CB96EB19} = {B7DFA9E8-6643-4B55-996D-2D884D9D19A1}
		{73BBAF79-76D5-42FA-AF3B-A9FE2A96A336} = {B7DFA9E8-6643-4B55-996D-2D884D9D19A1}
		{4099337D-0A80-4416-9F24-02382A073183} = {B7DFA9E8-6643-4B55-996D-2D884D9D19A1}
		{BB36C267-FD8D-4233-ABD6-6851526C4E4F} = {B7DFA9E8-6643-4B55-996D-2D884D9D19A1}
	EndGlobalSection
	GlobalSection(ExtensibilityGlobals) = postSolution
		SolutionGuid = {00D78C3D-8536-4549-B1EE-C19BD0C50387}
	EndGlobalSection
EndGlobal
