
Microsoft Visual Studio Solution File, Format Version 12.00
# Visual Studio Version 17
VisualStudioVersion = 17.1.32210.238
MinimumVisualStudioVersion = 10.0.40219.1
Project("{FAE04EC0-301F-11D3-BF4B-00C04F79EFBC}") = "Default", "workspace\csharp\diagrams\Default.csproj", "{FDDBE2ED-F42C-462F-B9C5-B4F1685111BC}"
EndProject
Global
	GlobalSection(SolutionConfigurationPlatforms) = preSolution
		Debug|Any CPU = Debug|Any CPU
		Debug|x64 = Debug|x64
		Release|Any CPU = Release|Any CPU
		Release|x64 = Release|x64
	EndGlobalSection
	GlobalSection(ProjectConfigurationPlatforms) = postSolution
		{FDDBE2ED-F42C-462F-B9C5-B4F1685111BC}.Debug|Any CPU.ActiveCfg = Debug|Any CPU
		{FDDBE2ED-F42C-462F-B9C5-B4F1685111BC}.Debug|Any CPU.Build.0 = Debug|Any CPU
		{FDDBE2ED-F42C-462F-B9C5-B4F1685111BC}.Debug|x64.ActiveCfg = Debug|x64
		{FDDBE2ED-F42C-462F-B9C5-B4F1685111BC}.Debug|x64.Build.0 = Debug|x64
		{FDDBE2ED-F42C-462F-B9C5-B4F1685111BC}.Release|Any CPU.ActiveCfg = Release|Any CPU
		{FDDBE2ED-F42C-462F-B9C5-B4F1685111BC}.Release|Any CPU.Build.0 = Release|Any CPU
		{FDDBE2ED-F42C-462F-B9C5-B4F1685111BC}.Release|x64.ActiveCfg = Release|x64
		{FDDBE2ED-F42C-462F-B9C5-B4F1685111BC}.Release|x64.Build.0 = Release|x64
	EndGlobalSection
	GlobalSection(SolutionProperties) = preSolution
		HideSolutionNode = FALSE
	EndGlobalSection
	GlobalSection(ExtensibilityGlobals) = postSolution
		SolutionGuid = {F800C2DB-F299-4D74-BCBC-C91F45E7FB61}
	EndGlobalSection
EndGlobal
