
Microsoft Visual Studio Solution File, Format Version 12.00
# Visual Studio Version 16
VisualStudioVersion = 16.0.30413.136
MinimumVisualStudioVersion = 10.0.40219.1
Project("{9A19103F-16F7-4668-BE54-9A1E7A4F7556}") = "Domain", "security\Database\Domain\Domain.csproj", "{C15A054A-86C9-45DE-9AD0-E3A7349253A6}"
EndProject
Project("{2150E333-8FDC-42A3-9474-1A3956D46DE8}") = "Database", "Database", "{74C81BE7-084A-4F4A-A389-B0907100BE0C}"
EndProject
Project("{2150E333-8FDC-42A3-9474-1A3956D46DE8}") = "Allors", "Allors", "{19689177-CB1D-43AE-94B4-7BA50E0AA0CD}"
EndProject
Project("{2150E333-8FDC-42A3-9474-1A3956D46DE8}") = "Repository", "Repository", "{D6BA4EFD-61BA-424D-83F1-ECE5614B1854}"
EndProject
Project("{9A19103F-16F7-4668-BE54-9A1E7A4F7556}") = "Domain.Tests", "security\Database\Domain.Tests\Domain.Tests.csproj", "{C9CB8AC1-EC7C-475C-9384-336DCB714594}"
EndProject
Project("{9A19103F-16F7-4668-BE54-9A1E7A4F7556}") = "Generate", "security\Database\Generate\Generate.csproj", "{3006D722-2A64-45E4-8A81-4898FD67A8E2}"
EndProject
Project("{9A19103F-16F7-4668-BE54-9A1E7A4F7556}") = "Meta", "security\Database\Meta\Meta.csproj", "{EEA70497-529D-4733-ADBE-3066D8AA8D95}"
EndProject
Project("{9A19103F-16F7-4668-BE54-9A1E7A4F7556}") = "Resources", "security\Database\Resources\Resources.csproj", "{7529992F-EC96-46DE-8C76-1E6D19C7C659}"
EndProject
Project("{9A19103F-16F7-4668-BE54-9A1E7A4F7556}") = "Repository", "security\Repository\Domain\Repository.csproj", "{AAB5077C-7494-4B0D-82C2-6D434E2BA786}"
EndProject
Project("{9A19103F-16F7-4668-BE54-9A1E7A4F7556}") = "Allors.Database.Adapters.Memory", "..\System\Database\Adapters\Allors.Database.Adapters.Memory\Allors.Database.Adapters.Memory.csproj", "{3262E1F0-792C-430A-8AED-F99B3C7106CA}"
EndProject
Project("{9A19103F-16F7-4668-BE54-9A1E7A4F7556}") = "Allors.Database", "..\System\Database\Allors.Database\Allors.Database.csproj", "{B435226C-0A59-4980-9516-2C52DCE60364}"
EndProject
Project("{9A19103F-16F7-4668-BE54-9A1E7A4F7556}") = "Configuration", "security\Database\Configuration\Configuration.csproj", "{7AE89BDA-647D-462F-AD9C-887BBEA8169B}"
EndProject
Project("{9A19103F-16F7-4668-BE54-9A1E7A4F7556}") = "Allors", "..\System\Allors\Allors.csproj", "{8AFC8DBF-EF2A-44B9-862D-985BA20DEB68}"
EndProject
Global
	GlobalSection(SolutionConfigurationPlatforms) = preSolution
		Debug|Any CPU = Debug|Any CPU
		Release|Any CPU = Release|Any CPU
	EndGlobalSection
	GlobalSection(ProjectConfigurationPlatforms) = postSolution
		{C15A054A-86C9-45DE-9AD0-E3A7349253A6}.Debug|Any CPU.ActiveCfg = Debug|Any CPU
		{C15A054A-86C9-45DE-9AD0-E3A7349253A6}.Debug|Any CPU.Build.0 = Debug|Any CPU
		{C15A054A-86C9-45DE-9AD0-E3A7349253A6}.Release|Any CPU.ActiveCfg = Release|Any CPU
		{C15A054A-86C9-45DE-9AD0-E3A7349253A6}.Release|Any CPU.Build.0 = Release|Any CPU
		{C9CB8AC1-EC7C-475C-9384-336DCB714594}.Debug|Any CPU.ActiveCfg = Debug|Any CPU
		{C9CB8AC1-EC7C-475C-9384-336DCB714594}.Debug|Any CPU.Build.0 = Debug|Any CPU
		{C9CB8AC1-EC7C-475C-9384-336DCB714594}.Release|Any CPU.ActiveCfg = Release|Any CPU
		{C9CB8AC1-EC7C-475C-9384-336DCB714594}.Release|Any CPU.Build.0 = Release|Any CPU
		{3006D722-2A64-45E4-8A81-4898FD67A8E2}.Debug|Any CPU.ActiveCfg = Debug|Any CPU
		{3006D722-2A64-45E4-8A81-4898FD67A8E2}.Debug|Any CPU.Build.0 = Debug|Any CPU
		{3006D722-2A64-45E4-8A81-4898FD67A8E2}.Release|Any CPU.ActiveCfg = Release|Any CPU
		{3006D722-2A64-45E4-8A81-4898FD67A8E2}.Release|Any CPU.Build.0 = Release|Any CPU
		{EEA70497-529D-4733-ADBE-3066D8AA8D95}.Debug|Any CPU.ActiveCfg = Debug|Any CPU
		{EEA70497-529D-4733-ADBE-3066D8AA8D95}.Debug|Any CPU.Build.0 = Debug|Any CPU
		{EEA70497-529D-4733-ADBE-3066D8AA8D95}.Release|Any CPU.ActiveCfg = Release|Any CPU
		{EEA70497-529D-4733-ADBE-3066D8AA8D95}.Release|Any CPU.Build.0 = Release|Any CPU
		{7529992F-EC96-46DE-8C76-1E6D19C7C659}.Debug|Any CPU.ActiveCfg = Debug|Any CPU
		{7529992F-EC96-46DE-8C76-1E6D19C7C659}.Debug|Any CPU.Build.0 = Debug|Any CPU
		{7529992F-EC96-46DE-8C76-1E6D19C7C659}.Release|Any CPU.ActiveCfg = Release|Any CPU
		{7529992F-EC96-46DE-8C76-1E6D19C7C659}.Release|Any CPU.Build.0 = Release|Any CPU
		{AAB5077C-7494-4B0D-82C2-6D434E2BA786}.Debug|Any CPU.ActiveCfg = Debug|Any CPU
		{AAB5077C-7494-4B0D-82C2-6D434E2BA786}.Debug|Any CPU.Build.0 = Debug|Any CPU
		{AAB5077C-7494-4B0D-82C2-6D434E2BA786}.Release|Any CPU.ActiveCfg = Release|Any CPU
		{AAB5077C-7494-4B0D-82C2-6D434E2BA786}.Release|Any CPU.Build.0 = Release|Any CPU
		{3262E1F0-792C-430A-8AED-F99B3C7106CA}.Debug|Any CPU.ActiveCfg = Debug|Any CPU
		{3262E1F0-792C-430A-8AED-F99B3C7106CA}.Debug|Any CPU.Build.0 = Debug|Any CPU
		{3262E1F0-792C-430A-8AED-F99B3C7106CA}.Release|Any CPU.ActiveCfg = Release|Any CPU
		{3262E1F0-792C-430A-8AED-F99B3C7106CA}.Release|Any CPU.Build.0 = Release|Any CPU
		{B435226C-0A59-4980-9516-2C52DCE60364}.Debug|Any CPU.ActiveCfg = Debug|Any CPU
		{B435226C-0A59-4980-9516-2C52DCE60364}.Debug|Any CPU.Build.0 = Debug|Any CPU
		{B435226C-0A59-4980-9516-2C52DCE60364}.Release|Any CPU.ActiveCfg = Release|Any CPU
		{B435226C-0A59-4980-9516-2C52DCE60364}.Release|Any CPU.Build.0 = Release|Any CPU
		{7AE89BDA-647D-462F-AD9C-887BBEA8169B}.Debug|Any CPU.ActiveCfg = Debug|Any CPU
		{7AE89BDA-647D-462F-AD9C-887BBEA8169B}.Debug|Any CPU.Build.0 = Debug|Any CPU
		{7AE89BDA-647D-462F-AD9C-887BBEA8169B}.Release|Any CPU.ActiveCfg = Release|Any CPU
		{7AE89BDA-647D-462F-AD9C-887BBEA8169B}.Release|Any CPU.Build.0 = Release|Any CPU
		{8AFC8DBF-EF2A-44B9-862D-985BA20DEB68}.Debug|Any CPU.ActiveCfg = Debug|Any CPU
		{8AFC8DBF-EF2A-44B9-862D-985BA20DEB68}.Debug|Any CPU.Build.0 = Debug|Any CPU
		{8AFC8DBF-EF2A-44B9-862D-985BA20DEB68}.Release|Any CPU.ActiveCfg = Release|Any CPU
		{8AFC8DBF-EF2A-44B9-862D-985BA20DEB68}.Release|Any CPU.Build.0 = Release|Any CPU
	EndGlobalSection
	GlobalSection(SolutionProperties) = preSolution
		HideSolutionNode = FALSE
	EndGlobalSection
	GlobalSection(NestedProjects) = preSolution
		{C15A054A-86C9-45DE-9AD0-E3A7349253A6} = {74C81BE7-084A-4F4A-A389-B0907100BE0C}
		{C9CB8AC1-EC7C-475C-9384-336DCB714594} = {74C81BE7-084A-4F4A-A389-B0907100BE0C}
		{3006D722-2A64-45E4-8A81-4898FD67A8E2} = {74C81BE7-084A-4F4A-A389-B0907100BE0C}
		{EEA70497-529D-4733-ADBE-3066D8AA8D95} = {74C81BE7-084A-4F4A-A389-B0907100BE0C}
		{7529992F-EC96-46DE-8C76-1E6D19C7C659} = {74C81BE7-084A-4F4A-A389-B0907100BE0C}
		{AAB5077C-7494-4B0D-82C2-6D434E2BA786} = {D6BA4EFD-61BA-424D-83F1-ECE5614B1854}
		{3262E1F0-792C-430A-8AED-F99B3C7106CA} = {19689177-CB1D-43AE-94B4-7BA50E0AA0CD}
		{B435226C-0A59-4980-9516-2C52DCE60364} = {19689177-CB1D-43AE-94B4-7BA50E0AA0CD}
		{7AE89BDA-647D-462F-AD9C-887BBEA8169B} = {74C81BE7-084A-4F4A-A389-B0907100BE0C}
		{8AFC8DBF-EF2A-44B9-862D-985BA20DEB68} = {19689177-CB1D-43AE-94B4-7BA50E0AA0CD}
	EndGlobalSection
	GlobalSection(ExtensibilityGlobals) = postSolution
		SolutionGuid = {1AD99026-C9CA-4817-B3D1-EDE9CBAF3E91}
	EndGlobalSection
EndGlobal
